
Microsoft Visual Studio Solution File, Format Version 12.00
# Visual Studio Version 16
VisualStudioVersion = 16.0.29519.181
MinimumVisualStudioVersion = 10.0.40219.1
Project("{FAE04EC0-301F-11D3-BF4B-00C04F79EFBC}") = "DanismanlikSite", "DanismanlikSite\DanismanlikSite.csproj", "{C40AEB53-8B64-4D76-A8B7-B9D4A8900C2B}"
EndProject
Global
	GlobalSection(SolutionConfigurationPlatforms) = preSolution
		Debug|Any CPU = Debug|Any CPU
		Release|Any CPU = Release|Any CPU
	EndGlobalSection
	GlobalSection(ProjectConfigurationPlatforms) = postSolution
		{C40AEB53-8B64-4D76-A8B7-B9D4A8900C2B}.Debug|Any CPU.ActiveCfg = Debug|Any CPU
		{C40AEB53-8B64-4D76-A8B7-B9D4A8900C2B}.Debug|Any CPU.Build.0 = Debug|Any CPU
		{C40AEB53-8B64-4D76-A8B7-B9D4A8900C2B}.Release|Any CPU.ActiveCfg = Release|Any CPU
		{C40AEB53-8B64-4D76-A8B7-B9D4A8900C2B}.Release|Any CPU.Build.0 = Release|Any CPU
	EndGlobalSection
	GlobalSection(SolutionProperties) = preSolution
		HideSolutionNode = FALSE
	EndGlobalSection
	GlobalSection(ExtensibilityGlobals) = postSolution
		SolutionGuid = {DEE90467-2D92-4220-A0CD-ABF05C152216}
	EndGlobalSection
EndGlobal
